sdk: ^2.0.0-alpha.79
prefixes:
  certificate_roots: toit-cert-roots
  http: pkg-http
  mqtt: mqtt
  ntp: pkg-ntp
packages:
  mqtt:
    url: github.com/toitware/mqtt
    version: 2.2.0
    hash: 74eabce1f3056b90c4528f48fb585aa9ff286fbe
  pkg-http:
    url: github.com/toitlang/pkg-http
    version: 2.3.0
    hash: 05ce2065a75813138d2c4ca1bab03e7a6f0541a2
  pkg-ntp:
    url: github.com/toitlang/pkg-ntp
    version: 1.0.0
    hash: 1c3cc4a4819f459393f00efc576f66f838665719
  toit-cert-roots:
    url: github.com/toitware/toit-cert-roots
    version: 1.5.0
    hash: 27a9f9ff3d337b6128e98e220126e3cc275bcd73
